
Microsoft Visual Studio Solution File, Format Version 12.00
# Visual Studio 2012
Project("{FAE04EC0-301F-11D3-BF4B-00C04F79EFBC}") = "NzKelvin.Crm.Integration.Web", "NzKelvin.Crm.Integration.Web\NzKelvin.Crm.Integration.Web.csproj", "{7C288745-3EFE-4C23-BECB-05B78086541D}"
EndProject
Global
	GlobalSection(SolutionConfigurationPlatforms) = preSolution
		Debug|Any CPU = Debug|Any CPU
		Release|Any CPU = Release|Any CPU
	EndGlobalSection
	GlobalSection(ProjectConfigurationPlatforms) = postSolution
		{7C288745-3EFE-4C23-BECB-05B78086541D}.Debug|Any CPU.ActiveCfg = Debug|Any CPU
		{7C288745-3EFE-4C23-BECB-05B78086541D}.Debug|Any CPU.Build.0 = Debug|Any CPU
		{7C288745-3EFE-4C23-BECB-05B78086541D}.Release|Any CPU.ActiveCfg = Release|Any CPU
		{7C288745-3EFE-4C23-BECB-05B78086541D}.Release|Any CPU.Build.0 = Release|Any CPU
	EndGlobalSection
	GlobalSection(SolutionProperties) = preSolution
		HideSolutionNode = FALSE
	EndGlobalSection
EndGlobal
