
Microsoft Visual Studio Solution File, Format Version 12.00
# Visual Studio 2012
Project("{FAE04EC0-301F-11D3-BF4B-00C04F79EFBC}") = "NzKelvin.Crm.Integration.Web", "NzKelvin.Crm.Integration.Web\NzKelvin.Crm.Integration.Web.csproj", "{7C288745-3EFE-4C23-BECB-05B78086541D}"
EndProject
Project("{2150E333-8FDC-42A3-9474-1A3956D46DE8}") = "Libraries", "Libraries", "{3ECCBF47-FB2D-4C5F-9391-0706F17C19B5}"
EndProject
Project("{FAE04EC0-301F-11D3-BF4B-00C04F79EFBC}") = "NzKelvin.Crm.Common", "..\..\NzKelvin.Crm.Common\NzKelvin.Crm.Common\NzKelvin.Crm.Common.csproj", "{915BE93D-C721-46A6-845F-03747AFAC51E}"
EndProject
Global
	GlobalSection(SolutionConfigurationPlatforms) = preSolution
		Debug|Any CPU = Debug|Any CPU
		Release|Any CPU = Release|Any CPU
	EndGlobalSection
	GlobalSection(ProjectConfigurationPlatforms) = postSolution
		{7C288745-3EFE-4C23-BECB-05B78086541D}.Debug|Any CPU.ActiveCfg = Debug|Any CPU
		{7C288745-3EFE-4C23-BECB-05B78086541D}.Debug|Any CPU.Build.0 = Debug|Any CPU
		{7C288745-3EFE-4C23-BECB-05B78086541D}.Release|Any CPU.ActiveCfg = Release|Any CPU
		{7C288745-3EFE-4C23-BECB-05B78086541D}.Release|Any CPU.Build.0 = Release|Any CPU
		{915BE93D-C721-46A6-845F-03747AFAC51E}.Debug|Any CPU.ActiveCfg = Debug|Any CPU
		{915BE93D-C721-46A6-845F-03747AFAC51E}.Debug|Any CPU.Build.0 = Debug|Any CPU
		{915BE93D-C721-46A6-845F-03747AFAC51E}.Release|Any CPU.ActiveCfg = Release|Any CPU
		{915BE93D-C721-46A6-845F-03747AFAC51E}.Release|Any CPU.Build.0 = Release|Any CPU
	EndGlobalSection
	GlobalSection(SolutionProperties) = preSolution
		HideSolutionNode = FALSE
	EndGlobalSection
EndGlobal
