
Microsoft Visual Studio Solution File, Format Version 12.00
# Visual Studio 2012
Project("{FAE04EC0-301F-11D3-BF4B-00C04F79EFBC}") = "CrmSvcUtilExtensions", "CrmSvcUtilExtensions\CrmSvcUtilExtensions.csproj", "{7AA408DE-1249-43C6-8104-85A84A4B7B4B}"
EndProject
Project("{2150E333-8FDC-42A3-9474-1A3956D46DE8}") = ".nuget", ".nuget", "{319744DF-61C3-4C70-96BF-63F8C0CED879}"
	ProjectSection(SolutionItems) = preProject
		.nuget\NuGet.Config = .nuget\NuGet.Config
		.nuget\NuGet.exe = .nuget\NuGet.exe
		.nuget\NuGet.targets = .nuget\NuGet.targets
	EndProjectSection
EndProject
Project("{FAE04EC0-301F-11D3-BF4B-00C04F79EFBC}") = "CrmSvcUtilExtensions.Config", "CrmSvcUtilExtensions.Config\CrmSvcUtilExtensions.Config.csproj", "{2C8A38FF-53F1-48E0-AD5C-7194B1274222}"
EndProject
Global
	GlobalSection(SolutionConfigurationPlatforms) = preSolution
		Debug|Any CPU = Debug|Any CPU
		Release|Any CPU = Release|Any CPU
	EndGlobalSection
	GlobalSection(ProjectConfigurationPlatforms) = postSolution
		{7AA408DE-1249-43C6-8104-85A84A4B7B4B}.Debug|Any CPU.ActiveCfg = Debug|Any CPU
		{7AA408DE-1249-43C6-8104-85A84A4B7B4B}.Debug|Any CPU.Build.0 = Debug|Any CPU
		{7AA408DE-1249-43C6-8104-85A84A4B7B4B}.Release|Any CPU.ActiveCfg = Release|Any CPU
		{7AA408DE-1249-43C6-8104-85A84A4B7B4B}.Release|Any CPU.Build.0 = Release|Any CPU
		{2C8A38FF-53F1-48E0-AD5C-7194B1274222}.Debug|Any CPU.ActiveCfg = Debug|Any CPU
		{2C8A38FF-53F1-48E0-AD5C-7194B1274222}.Debug|Any CPU.Build.0 = Debug|Any CPU
		{2C8A38FF-53F1-48E0-AD5C-7194B1274222}.Release|Any CPU.ActiveCfg = Release|Any CPU
		{2C8A38FF-53F1-48E0-AD5C-7194B1274222}.Release|Any CPU.Build.0 = Release|Any CPU
	EndGlobalSection
	GlobalSection(SolutionProperties) = preSolution
		HideSolutionNode = FALSE
	EndGlobalSection
EndGlobal
