
Microsoft Visual Studio Solution File, Format Version 12.00
# Visual Studio 2012
Project("{FAE04EC0-301F-11D3-BF4B-00C04F79EFBC}") = "NzKelvin.Crm.Common", "NzKelvin.Crm.Common\NzKelvin.Crm.Common.csproj", "{915BE93D-C721-46A6-845F-03747AFAC51E}"
EndProject
Global
	GlobalSection(SolutionConfigurationPlatforms) = preSolution
		Debug|Any CPU = Debug|Any CPU
		Release|Any CPU = Release|Any CPU
	EndGlobalSection
	GlobalSection(ProjectConfigurationPlatforms) = postSolution
		{915BE93D-C721-46A6-845F-03747AFAC51E}.Debug|Any CPU.ActiveCfg = Debug|Any CPU
		{915BE93D-C721-46A6-845F-03747AFAC51E}.Debug|Any CPU.Build.0 = Debug|Any CPU
		{915BE93D-C721-46A6-845F-03747AFAC51E}.Release|Any CPU.ActiveCfg = Release|Any CPU
		{915BE93D-C721-46A6-845F-03747AFAC51E}.Release|Any CPU.Build.0 = Release|Any CPU
	EndGlobalSection
	GlobalSection(SolutionProperties) = preSolution
		HideSolutionNode = FALSE
	EndGlobalSection
EndGlobal
